
Microsoft Visual Studio Solution File, Format Version 12.00
# Visual Studio 15
VisualStudioVersion = 15.0.27703.2035
MinimumVisualStudioVersion = 10.0.40219.1
Project("{FAE04EC0-301F-11D3-BF4B-00C04F79EFBC}") = "importarFornecedorLets", "importarFornecedorLets\importarFornecedorLets.csproj", "{AE2D481A-1403-40C3-9CEB-960EE62716C1}"
EndProject
Global
	GlobalSection(SolutionConfigurationPlatforms) = preSolution
		Debug|Any CPU = Debug|Any CPU
		Release|Any CPU = Release|Any CPU
	EndGlobalSection
	GlobalSection(ProjectConfigurationPlatforms) = postSolution
		{AE2D481A-1403-40C3-9CEB-960EE62716C1}.Debug|Any CPU.ActiveCfg = Debug|Any CPU
		{AE2D481A-1403-40C3-9CEB-960EE62716C1}.Debug|Any CPU.Build.0 = Debug|Any CPU
		{AE2D481A-1403-40C3-9CEB-960EE62716C1}.Release|Any CPU.ActiveCfg = Release|Any CPU
		{AE2D481A-1403-40C3-9CEB-960EE62716C1}.Release|Any CPU.Build.0 = Release|Any CPU
	EndGlobalSection
	GlobalSection(SolutionProperties) = preSolution
		HideSolutionNode = FALSE
	EndGlobalSection
	GlobalSection(ExtensibilityGlobals) = postSolution
		SolutionGuid = {7AB0BFA1-C182-4B87-B035-F6CA362C3108}
	EndGlobalSection
EndGlobal
